
Microsoft Visual Studio Solution File, Format Version 12.00
# Visual Studio Version 17
VisualStudioVersion = 17.3.32929.385
MinimumVisualStudioVersion = 10.0.40219.1
Project("{8BC9CEB8-8B4A-11D0-8D11-00A0C91BC942}") = "Algorithms - DAA Course FMI", "Algorithms - DAA Course FMI.vcxproj", "{086765D4-C3E8-4FDE-B50B-6F0474C5E9B1}"
EndProject
Global
	GlobalSection(SolutionConfigurationPlatforms) = preSolution
		Debug|x64 = Debug|x64
		Debug|x86 = Debug|x86
		Release|x64 = Release|x64
		Release|x86 = Release|x86
	EndGlobalSection
	GlobalSection(ProjectConfigurationPlatforms) = postSolution
		{086765D4-C3E8-4FDE-B50B-6F0474C5E9B1}.Debug|x64.ActiveCfg = Debug|x64
		{086765D4-C3E8-4FDE-B50B-6F0474C5E9B1}.Debug|x64.Build.0 = Debug|x64
		{086765D4-C3E8-4FDE-B50B-6F0474C5E9B1}.Debug|x86.ActiveCfg = Debug|Win32
		{086765D4-C3E8-4FDE-B50B-6F0474C5E9B1}.Debug|x86.Build.0 = Debug|Win32
		{086765D4-C3E8-4FDE-B50B-6F0474C5E9B1}.Release|x64.ActiveCfg = Release|x64
		{086765D4-C3E8-4FDE-B50B-6F0474C5E9B1}.Release|x64.Build.0 = Release|x64
		{086765D4-C3E8-4FDE-B50B-6F0474C5E9B1}.Release|x86.ActiveCfg = Release|Win32
		{086765D4-C3E8-4FDE-B50B-6F0474C5E9B1}.Release|x86.Build.0 = Release|Win32
	EndGlobalSection
	GlobalSection(SolutionProperties) = preSolution
		HideSolutionNode = FALSE
	EndGlobalSection
	GlobalSection(ExtensibilityGlobals) = postSolution
		SolutionGuid = {D53E4895-E9E8-4CA6-850E-0508D3AB6394}
	EndGlobalSection
EndGlobal
